// !$*UTF8*$!
{
	archiveVersion = 1;
	classes = {
	};
	objectVersion = 55;
	objects = {

/* Begin PBXBuildFile section */
		7EB0408B27528E7A00875C2F /* touchdownApp.swift in Sources */ = {isa = PBXBuildFile; fileRef = 7EB0408A27528E7A00875C2F /* touchdownApp.swift */; };
		7EB0408D27528E7A00875C2F /* ContentView.swift in Sources */ = {isa = PBXBuildFile; fileRef = 7EB0408C27528E7A00875C2F /* ContentView.swift */; };
		7EB0408F27528E7B00875C2F /* Assets.xcassets in Resources */ = {isa = PBXBuildFile; fileRef = 7EB0408E27528E7B00875C2F /* Assets.xcassets */; };
		7EB0409227528E7B00875C2F /* Preview Assets.xcassets in Resources */ = {isa = PBXBuildFile; fileRef = 7EB0409127528E7B00875C2F /* Preview Assets.xcassets */; };
		7EB0409C27528FA800875C2F /* brand.json in Resources */ = {isa = PBXBuildFile; fileRef = 7EB0409827528FA800875C2F /* brand.json */; };
		7EB0409D27528FA800875C2F /* category.json in Resources */ = {isa = PBXBuildFile; fileRef = 7EB0409927528FA800875C2F /* category.json */; };
		7EB0409E27528FA800875C2F /* player.json in Resources */ = {isa = PBXBuildFile; fileRef = 7EB0409A27528FA800875C2F /* player.json */; };
		7EB0409F27528FA800875C2F /* product.json in Resources */ = {isa = PBXBuildFile; fileRef = 7EB0409B27528FA800875C2F /* product.json */; };
		7EB040AA275290FC00875C2F /* Constant.swift in Sources */ = {isa = PBXBuildFile; fileRef = 7EB040A9275290FC00875C2F /* Constant.swift */; };
		7EB040AC275291F800875C2F /* FooterView.swift in Sources */ = {isa = PBXBuildFile; fileRef = 7EB040AB275291F800875C2F /* FooterView.swift */; };
		7EB040AE2752961C00875C2F /* NavigationBarView.swift in Sources */ = {isa = PBXBuildFile; fileRef = 7EB040AD2752961C00875C2F /* NavigationBarView.swift */; };
		7EB040B02752971D00875C2F /* LogoView.swift in Sources */ = {isa = PBXBuildFile; fileRef = 7EB040AF2752971D00875C2F /* LogoView.swift */; };
/* End PBXBuildFile section */

/* Begin PBXFileReference section */
		7EB0408727528E7A00875C2F /* touchdown.app */ = {isa = PBXFileReference; explicitFileType = wrapper.application; includeInIndex = 0; path = touchdown.app; sourceTree = BUILT_PRODUCTS_DIR; };
		7EB0408A27528E7A00875C2F /* touchdownApp.swift */ = {isa = PBXFileReference; lastKnownFileType = sourcecode.swift; path = touchdownApp.swift; sourceTree = "<group>"; };
		7EB0408C27528E7A00875C2F /* ContentView.swift */ = {isa = PBXFileReference; lastKnownFileType = sourcecode.swift; path = ContentView.swift; sourceTree = "<group>"; };
		7EB0408E27528E7B00875C2F /* Assets.xcassets */ = {isa = PBXFileReference; lastKnownFileType = folder.assetcatalog; path = Assets.xcassets; sourceTree = "<group>"; };
		7EB0409127528E7B00875C2F /* Preview Assets.xcassets */ = {isa = PBXFileReference; lastKnownFileType = folder.assetcatalog; path = "Preview Assets.xcassets"; sourceTree = "<group>"; };
		7EB0409827528FA800875C2F /* brand.json */ = {isa = PBXFileReference; fileEncoding = 4; lastKnownFileType = text.json; path = brand.json; sourceTree = "<group>"; };
		7EB0409927528FA800875C2F /* category.json */ = {isa = PBXFileReference; fileEncoding = 4; lastKnownFileType = text.json; path = category.json; sourceTree = "<group>"; };
		7EB0409A27528FA800875C2F /* player.json */ = {isa = PBXFileReference; fileEncoding = 4; lastKnownFileType = text.json; path = player.json; sourceTree = "<group>"; };
		7EB0409B27528FA800875C2F /* product.json */ = {isa = PBXFileReference; fileEncoding = 4; lastKnownFileType = text.json; path = product.json; sourceTree = "<group>"; };
		7EB040A22752900000875C2F /* Info.plist */ = {isa = PBXFileReference; lastKnownFileType = text.plist; path = Info.plist; sourceTree = "<group>"; };
		7EB040A9275290FC00875C2F /* Constant.swift */ = {isa = PBXFileReference; lastKnownFileType = sourcecode.swift; path = Constant.swift; sourceTree = "<group>"; };
		7EB040AB275291F800875C2F /* FooterView.swift */ = {isa = PBXFileReference; lastKnownFileType = sourcecode.swift; path = FooterView.swift; sourceTree = "<group>"; };
		7EB040AD2752961C00875C2F /* NavigationBarView.swift */ = {isa = PBXFileReference; lastKnownFileType = sourcecode.swift; path = NavigationBarView.swift; sourceTree = "<group>"; };
		7EB040AF2752971D00875C2F /* LogoView.swift */ = {isa = PBXFileReference; lastKnownFileType = sourcecode.swift; path = LogoView.swift; sourceTree = "<group>"; };
/* End PBXFileReference section */

/* Begin PBXFrameworksBuildPhase section */
		7EB0408427528E7A00875C2F /* Frameworks */ = {
			isa = PBXFrameworksBuildPhase;
			buildActionMask = 2147483647;
			files = (
			);
			runOnlyForDeploymentPostprocessing = 0;
		};
/* End PBXFrameworksBuildPhase section */

/* Begin PBXGroup section */
		7EB0407E27528E7A00875C2F = {
			isa = PBXGroup;
			children = (
				7EB0408927528E7A00875C2F /* touchdown */,
				7EB0408827528E7A00875C2F /* Products */,
			);
			sourceTree = "<group>";
		};
		7EB0408827528E7A00875C2F /* Products */ = {
			isa = PBXGroup;
			children = (
				7EB0408727528E7A00875C2F /* touchdown.app */,
			);
			name = Products;
			sourceTree = "<group>";
		};
		7EB0408927528E7A00875C2F /* touchdown */ = {
			isa = PBXGroup;
			children = (
				7EB040A32752906200875C2F /* App */,
				7EB040A42752907900875C2F /* View */,
				7EB040A027528FB200875C2F /* Model */,
				7EB040A127528FC200875C2F /* Data */,
				7EB040A8275290A600875C2F /* Utility */,
				7EB040A72752909900875C2F /* Extension */,
				7EB040A22752900000875C2F /* Info.plist */,
				7EB0408E27528E7B00875C2F /* Assets.xcassets */,
				7EB0409027528E7B00875C2F /* Preview Content */,
			);
			path = touchdown;
			sourceTree = "<group>";
		};
		7EB0409027528E7B00875C2F /* Preview Content */ = {
			isa = PBXGroup;
			children = (
				7EB0409127528E7B00875C2F /* Preview Assets.xcassets */,
			);
			path = "Preview Content";
			sourceTree = "<group>";
		};
		7EB040A027528FB200875C2F /* Model */ = {
			isa = PBXGroup;
			children = (
			);
			path = Model;
			sourceTree = "<group>";
		};
		7EB040A127528FC200875C2F /* Data */ = {
			isa = PBXGroup;
			children = (
				7EB0409827528FA800875C2F /* brand.json */,
				7EB0409927528FA800875C2F /* category.json */,
				7EB0409A27528FA800875C2F /* player.json */,
				7EB0409B27528FA800875C2F /* product.json */,
			);
			path = Data;
			sourceTree = "<group>";
		};
		7EB040A32752906200875C2F /* App */ = {
			isa = PBXGroup;
			children = (
				7EB0408A27528E7A00875C2F /* touchdownApp.swift */,
				7EB0408C27528E7A00875C2F /* ContentView.swift */,
			);
			path = App;
			sourceTree = "<group>";
		};
		7EB040A42752907900875C2F /* View */ = {
			isa = PBXGroup;
			children = (
				7EB040A52752907E00875C2F /* Home */,
				7EB040A62752908400875C2F /* Detail */,
			);
			path = View;
			sourceTree = "<group>";
		};
		7EB040A52752907E00875C2F /* Home */ = {
			isa = PBXGroup;
			children = (
				7EB040AB275291F800875C2F /* FooterView.swift */,
				7EB040AD2752961C00875C2F /* NavigationBarView.swift */,
				7EB040AF2752971D00875C2F /* LogoView.swift */,
			);
			path = Home;
			sourceTree = "<group>";
		};
		7EB040A62752908400875C2F /* Detail */ = {
			isa = PBXGroup;
			children = (
			);
			path = Detail;
			sourceTree = "<group>";
		};
		7EB040A72752909900875C2F /* Extension */ = {
			isa = PBXGroup;
			children = (
			);
			path = Extension;
			sourceTree = "<group>";
		};
		7EB040A8275290A600875C2F /* Utility */ = {
			isa = PBXGroup;
			children = (
				7EB040A9275290FC00875C2F /* Constant.swift */,
			);
			path = Utility;
			sourceTree = "<group>";
		};
/* End PBXGroup section */

/* Begin PBXNativeTarget section */
		7EB0408627528E7A00875C2F /* touchdown */ = {
			isa = PBXNativeTarget;
			buildConfigurationList = 7EB0409527528E7B00875C2F /* Build configuration list for PBXNativeTarget "touchdown" */;
			buildPhases = (
				7EB0408327528E7A00875C2F /* Sources */,
				7EB0408427528E7A00875C2F /* Frameworks */,
				7EB0408527528E7A00875C2F /* Resources */,
			);
			buildRules = (
			);
			dependencies = (
			);
			name = touchdown;
			productName = touchdown;
			productReference = 7EB0408727528E7A00875C2F /* touchdown.app */;
			productType = "com.apple.product-type.application";
		};
/* End PBXNativeTarget section */

/* Begin PBXProject section */
		7EB0407F27528E7A00875C2F /* Project object */ = {
			isa = PBXProject;
			attributes = {
				BuildIndependentTargetsInParallel = 1;
				LastSwiftUpdateCheck = 1310;
				LastUpgradeCheck = 1310;
				TargetAttributes = {
					7EB0408627528E7A00875C2F = {
						CreatedOnToolsVersion = 13.1;
					};
				};
			};
			buildConfigurationList = 7EB0408227528E7A00875C2F /* Build configuration list for PBXProject "touchdown" */;
			compatibilityVersion = "Xcode 13.0";
			developmentRegion = en;
			hasScannedForEncodings = 0;
			knownRegions = (
				en,
				Base,
			);
			mainGroup = 7EB0407E27528E7A00875C2F;
			productRefGroup = 7EB0408827528E7A00875C2F /* Products */;
			projectDirPath = "";
			projectRoot = "";
			targets = (
				7EB0408627528E7A00875C2F /* touchdown */,
			);
		};
/* End PBXProject section */

/* Begin PBXResourcesBuildPhase section */
		7EB0408527528E7A00875C2F /* Resources */ = {
			isa = PBXResourcesBuildPhase;
			buildActionMask = 2147483647;
			files = (
				7EB0409E27528FA800875C2F /* player.json in Resources */,
				7EB0409227528E7B00875C2F /* Preview Assets.xcassets in Resources */,
				7EB0408F27528E7B00875C2F /* Assets.xcassets in Resources */,
				7EB0409C27528FA800875C2F /* brand.json in Resources */,
				7EB0409D27528FA800875C2F /* category.json in Resources */,
				7EB0409F27528FA800875C2F /* product.json in Resources */,
			);
			runOnlyForDeploymentPostprocessing = 0;
		};
/* End PBXResourcesBuildPhase section */

/* Begin PBXSourcesBuildPhase section */
		7EB0408327528E7A00875C2F /* Sources */ = {
			isa = PBXSourcesBuildPhase;
			buildActionMask = 2147483647;
			files = (
				7EB0408D27528E7A00875C2F /* ContentView.swift in Sources */,
				7EB040B02752971D00875C2F /* LogoView.swift in Sources */,
				7EB040AC275291F800875C2F /* FooterView.swift in Sources */,
				7EB0408B27528E7A00875C2F /* touchdownApp.swift in Sources */,
				7EB040AA275290FC00875C2F /* Constant.swift in Sources */,
				7EB040AE2752961C00875C2F /* NavigationBarView.swift in Sources */,
			);
			runOnlyForDeploymentPostprocessing = 0;
		};
/* End PBXSourcesBuildPhase section */

/* Begin XCBuildConfiguration section */
		7EB0409327528E7B00875C2F /* Debug */ = {
			isa = XCBuildConfiguration;
			buildSettings = {
				ALWAYS_SEARCH_USER_PATHS = NO;
				CLANG_ANALYZER_NONNULL = YES;
				CLANG_ANALYZER_NUMBER_OBJECT_CONVERSION = YES_AGGRESSIVE;
				CLANG_CXX_LANGUAGE_STANDARD = "gnu++17";
				CLANG_CXX_LIBRARY = "libc++";
				CLANG_ENABLE_MODULES = YES;
				CLANG_ENABLE_OBJC_ARC = YES;
				CLANG_ENABLE_OBJC_WEAK = YES;
				CLANG_WARN_BLOCK_CAPTURE_AUTORELEASING = YES;
				CLANG_WARN_BOOL_CONVERSION = YES;
				CLANG_WARN_COMMA = YES;
				CLANG_WARN_CONSTANT_CONVERSION = YES;
				CLANG_WARN_DEPRECATED_OBJC_IMPLEMENTATIONS = YES;
				CLANG_WARN_DIRECT_OBJC_ISA_USAGE = YES_ERROR;
				CLANG_WARN_DOCUMENTATION_COMMENTS = YES;
				CLANG_WARN_EMPTY_BODY = YES;
				CLANG_WARN_ENUM_CONVERSION = YES;
				CLANG_WARN_INFINITE_RECURSION = YES;
				CLANG_WARN_INT_CONVERSION = YES;
				CLANG_WARN_NON_LITERAL_NULL_CONVERSION = YES;
				CLANG_WARN_OBJC_IMPLICIT_RETAIN_SELF = YES;
				CLANG_WARN_OBJC_LITERAL_CONVERSION = YES;
				CLANG_WARN_OBJC_ROOT_CLASS = YES_ERROR;
				CLANG_WARN_QUOTED_INCLUDE_IN_FRAMEWORK_HEADER = YES;
				CLANG_WARN_RANGE_LOOP_ANALYSIS = YES;
				CLANG_WARN_STRICT_PROTOTYPES = YES;
				CLANG_WARN_SUSPICIOUS_MOVE = YES;
				CLANG_WARN_UNGUARDED_AVAILABILITY = YES_AGGRESSIVE;
				CLANG_WARN_UNREACHABLE_CODE = YES;
				CLANG_WARN__DUPLICATE_METHOD_MATCH = YES;
				COPY_PHASE_STRIP = NO;
				DEBUG_INFORMATION_FORMAT = dwarf;
				ENABLE_STRICT_OBJC_MSGSEND = YES;
				ENABLE_TESTABILITY = YES;
				GCC_C_LANGUAGE_STANDARD = gnu11;
				GCC_DYNAMIC_NO_PIC = NO;
				GCC_NO_COMMON_BLOCKS = YES;
				GCC_OPTIMIZATION_LEVEL = 0;
				GCC_PREPROCESSOR_DEFINITIONS = (
					"DEBUG=1",
					"$(inherited)",
				);
				GCC_WARN_64_TO_32_BIT_CONVERSION = YES;
				GCC_WARN_ABOUT_RETURN_TYPE = YES_ERROR;
				GCC_WARN_UNDECLARED_SELECTOR = YES;
				GCC_WARN_UNINITIALIZED_AUTOS = YES_AGGRESSIVE;
				GCC_WARN_UNUSED_FUNCTION = YES;
				GCC_WARN_UNUSED_VARIABLE = YES;
				IPHONEOS_DEPLOYMENT_TARGET = 15.0;
				MTL_ENABLE_DEBUG_INFO = INCLUDE_SOURCE;
				MTL_FAST_MATH = YES;
				ONLY_ACTIVE_ARCH = YES;
				SDKROOT = iphoneos;
				SWIFT_ACTIVE_COMPILATION_CONDITIONS = DEBUG;
				SWIFT_OPTIMIZATION_LEVEL = "-Onone";
			};
			name = Debug;
		};
		7EB0409427528E7B00875C2F /* Release */ = {
			isa = XCBuildConfiguration;
			buildSettings = {
				ALWAYS_SEARCH_USER_PATHS = NO;
				CLANG_ANALYZER_NONNULL = YES;
				CLANG_ANALYZER_NUMBER_OBJECT_CONVERSION = YES_AGGRESSIVE;
				CLANG_CXX_LANGUAGE_STANDARD = "gnu++17";
				CLANG_CXX_LIBRARY = "libc++";
				CLANG_ENABLE_MODULES = YES;
				CLANG_ENABLE_OBJC_ARC = YES;
				CLANG_ENABLE_OBJC_WEAK = YES;
				CLANG_WARN_BLOCK_CAPTURE_AUTORELEASING = YES;
				CLANG_WARN_BOOL_CONVERSION = YES;
				CLANG_WARN_COMMA = YES;
				CLANG_WARN_CONSTANT_CONVERSION = YES;
				CLANG_WARN_DEPRECATED_OBJC_IMPLEMENTATIONS = YES;
				CLANG_WARN_DIRECT_OBJC_ISA_USAGE = YES_ERROR;
				CLANG_WARN_DOCUMENTATION_COMMENTS = YES;
				CLANG_WARN_EMPTY_BODY = YES;
				CLANG_WARN_ENUM_CONVERSION = YES;
				CLANG_WARN_INFINITE_RECURSION = YES;
				CLANG_WARN_INT_CONVERSION = YES;
				CLANG_WARN_NON_LITERAL_NULL_CONVERSION = YES;
				CLANG_WARN_OBJC_IMPLICIT_RETAIN_SELF = YES;
				CLANG_WARN_OBJC_LITERAL_CONVERSION = YES;
				CLANG_WARN_OBJC_ROOT_CLASS = YES_ERROR;
				CLANG_WARN_QUOTED_INCLUDE_IN_FRAMEWORK_HEADER = YES;
				CLANG_WARN_RANGE_LOOP_ANALYSIS = YES;
				CLANG_WARN_STRICT_PROTOTYPES = YES;
				CLANG_WARN_SUSPICIOUS_MOVE = YES;
				CLANG_WARN_UNGUARDED_AVAILABILITY = YES_AGGRESSIVE;
				CLANG_WARN_UNREACHABLE_CODE = YES;
				CLANG_WARN__DUPLICATE_METHOD_MATCH = YES;
				COPY_PHASE_STRIP = NO;
				DEBUG_INFORMATION_FORMAT = "dwarf-with-dsym";
				ENABLE_NS_ASSERTIONS = NO;
				ENABLE_STRICT_OBJC_MSGSEND = YES;
				GCC_C_LANGUAGE_STANDARD = gnu11;
				GCC_NO_COMMON_BLOCKS = YES;
				GCC_WARN_64_TO_32_BIT_CONVERSION = YES;
				GCC_WARN_ABOUT_RETURN_TYPE = YES_ERROR;
				GCC_WARN_UNDECLARED_SELECTOR = YES;
				GCC_WARN_UNINITIALIZED_AUTOS = YES_AGGRESSIVE;
				GCC_WARN_UNUSED_FUNCTION = YES;
				GCC_WARN_UNUSED_VARIABLE = YES;
				IPHONEOS_DEPLOYMENT_TARGET = 15.0;
				MTL_ENABLE_DEBUG_INFO = NO;
				MTL_FAST_MATH = YES;
				SDKROOT = iphoneos;
				SWIFT_COMPILATION_MODE = wholemodule;
				SWIFT_OPTIMIZATION_LEVEL = "-O";
				VALIDATE_PRODUCT = YES;
			};
			name = Release;
		};
		7EB0409627528E7B00875C2F /* Debug */ = {
			isa = XCBuildConfiguration;
			buildSettings = {
				ASSETCATALOG_COMPILER_APPICON_NAME = AppIcon;
				ASSETCATALOG_COMPILER_GLOBAL_ACCENT_COLOR_NAME = AccentColor;
				CODE_SIGN_STYLE = Automatic;
				CURRENT_PROJECT_VERSION = 1;
				DEVELOPMENT_ASSET_PATHS = "\"touchdown/Preview Content\"";
				DEVELOPMENT_TEAM = 5U782822RV;
				ENABLE_PREVIEWS = YES;
				GENERATE_INFOPLIST_FILE = YES;
				INFOPLIST_FILE = touchdown/Info.plist;
				INFOPLIST_KEY_UIApplicationSceneManifest_Generation = YES;
				INFOPLIST_KEY_UIApplicationSupportsIndirectInputEvents = YES;
				INFOPLIST_KEY_UISupportedInterfaceOrientations = UIInterfaceOrientationPortrait;
				INFOPLIST_KEY_UISupportedInterfaceOrientations_iPad = "UIInterfaceOrientationPortrait UIInterfaceOrientationPortraitUpsideDown UIInterfaceOrientationLandscapeLeft UIInterfaceOrientationLandscapeRight";
				INFOPLIST_KEY_UISupportedInterfaceOrientations_iPhone = "UIInterfaceOrientationPortrait UIInterfaceOrientationLandscapeLeft UIInterfaceOrientationLandscapeRight";
				INFOPLIST_KEY_UIUserInterfaceStyle = Light;
				LD_RUNPATH_SEARCH_PATHS = (
					"$(inherited)",
					"@executable_path/Frameworks",
				);
				MARKETING_VERSION = 1.0;
				PRODUCT_BUNDLE_IDENTIFIER = ThomasG51.touchdown;
				PRODUCT_NAME = "$(TARGET_NAME)";
				SWIFT_EMIT_LOC_STRINGS = YES;
				SWIFT_VERSION = 5.0;
				TARGETED_DEVICE_FAMILY = "1,2";
			};
			name = Debug;
		};
		7EB0409727528E7B00875C2F /* Release */ = {
			isa = XCBuildConfiguration;
			buildSettings = {
				ASSETCATALOG_COMPILER_APPICON_NAME = AppIcon;
				ASSETCATALOG_COMPILER_GLOBAL_ACCENT_COLOR_NAME = AccentColor;
				CODE_SIGN_STYLE = Automatic;
				CURRENT_PROJECT_VERSION = 1;
				DEVELOPMENT_ASSET_PATHS = "\"touchdown/Preview Content\"";
				DEVELOPMENT_TEAM = 5U782822RV;
				ENABLE_PREVIEWS = YES;
				GENERATE_INFOPLIST_FILE = YES;
				INFOPLIST_FILE = touchdown/Info.plist;
				INFOPLIST_KEY_UIApplicationSceneManifest_Generation = YES;
				INFOPLIST_KEY_UIApplicationSupportsIndirectInputEvents = YES;
				INFOPLIST_KEY_UISupportedInterfaceOrientations = UIInterfaceOrientationPortrait;
				INFOPLIST_KEY_UISupportedInterfaceOrientations_iPad = "UIInterfaceOrientationPortrait UIInterfaceOrientationPortraitUpsideDown UIInterfaceOrientationLandscapeLeft UIInterfaceOrientationLandscapeRight";
				INFOPLIST_KEY_UISupportedInterfaceOrientations_iPhone = "UIInterfaceOrientationPortrait UIInterfaceOrientationLandscapeLeft UIInterfaceOrientationLandscapeRight";
				INFOPLIST_KEY_UIUserInterfaceStyle = Light;
				LD_RUNPATH_SEARCH_PATHS = (
					"$(inherited)",
					"@executable_path/Frameworks",
				);
				MARKETING_VERSION = 1.0;
				PRODUCT_BUNDLE_IDENTIFIER = ThomasG51.touchdown;
				PRODUCT_NAME = "$(TARGET_NAME)";
				SWIFT_EMIT_LOC_STRINGS = YES;
				SWIFT_VERSION = 5.0;
				TARGETED_DEVICE_FAMILY = "1,2";
			};
			name = Release;
		};
/* End XCBuildConfiguration section */

/* Begin XCConfigurationList section */
		7EB0408227528E7A00875C2F /* Build configuration list for PBXProject "touchdown" */ = {
			isa = XCConfigurationList;
			buildConfigurations = (
				7EB0409327528E7B00875C2F /* Debug */,
				7EB0409427528E7B00875C2F /* Release */,
			);
			defaultConfigurationIsVisible = 0;
			defaultConfigurationName = Release;
		};
		7EB0409527528E7B00875C2F /* Build configuration list for PBXNativeTarget "touchdown" */ = {
			isa = XCConfigurationList;
			buildConfigurations = (
				7EB0409627528E7B00875C2F /* Debug */,
				7EB0409727528E7B00875C2F /* Release */,
			);
			defaultConfigurationIsVisible = 0;
			defaultConfigurationName = Release;
		};
/* End XCConfigurationList section */
	};
	rootObject = 7EB0407F27528E7A00875C2F /* Project object */;
}
